
Microsoft Visual Studio Solution File, Format Version 12.00
# Visual Studio 15
VisualStudioVersion = 15.0.27703.2047
MinimumVisualStudioVersion = 10.0.40219.1
Project("{151D2E53-A2C4-4D7D-83FE-D05416EBD58E}") = "vh-webapp-api-provisioning", "vh-webapp-api-provisioning\vh-webapp-api-provisioning.deployproj", "{88008BAD-8E94-4AD2-B77C-35A4DEE2E6A8}"
EndProject
Global
	GlobalSection(SolutionConfigurationPlatforms) = preSolution
		Debug|Any CPU = Debug|Any CPU
		Release|Any CPU = Release|Any CPU
	EndGlobalSection
	GlobalSection(ProjectConfigurationPlatforms) = postSolution
		{88008BAD-8E94-4AD2-B77C-35A4DEE2E6A8}.Debug|Any CPU.ActiveCfg = Debug|Any CPU
		{88008BAD-8E94-4AD2-B77C-35A4DEE2E6A8}.Debug|Any CPU.Build.0 = Debug|Any CPU
		{88008BAD-8E94-4AD2-B77C-35A4DEE2E6A8}.Release|Any CPU.ActiveCfg = Release|Any CPU
		{88008BAD-8E94-4AD2-B77C-35A4DEE2E6A8}.Release|Any CPU.Build.0 = Release|Any CPU
	EndGlobalSection
	GlobalSection(SolutionProperties) = preSolution
		HideSolutionNode = FALSE
	EndGlobalSection
	GlobalSection(ExtensibilityGlobals) = postSolution
		SolutionGuid = {C3048A60-6B60-48E6-871D-A54635A47A29}
	EndGlobalSection
EndGlobal
